
Microsoft Visual Studio Solution File, Format Version 12.00
Project("{FAE04EC0-301F-11D3-BF4B-00C04F79EFBC}") = "TOEC Dist", "TOEC Dist.csproj", "{0846BBD2-E1BB-4F08-9042-05BEE1E38715}"
EndProject
Global
	GlobalSection(SolutionConfigurationPlatforms) = preSolution
		Debug|Any CPU = Debug|Any CPU
		Release|Any CPU = Release|Any CPU
	EndGlobalSection
	GlobalSection(ProjectConfigurationPlatforms) = postSolution
		{0846BBD2-E1BB-4F08-9042-05BEE1E38715}.Debug|Any CPU.ActiveCfg = Debug|Any CPU
		{0846BBD2-E1BB-4F08-9042-05BEE1E38715}.Debug|Any CPU.Build.0 = Debug|Any CPU
		{0846BBD2-E1BB-4F08-9042-05BEE1E38715}.Release|Any CPU.ActiveCfg = Release|Any CPU
		{0846BBD2-E1BB-4F08-9042-05BEE1E38715}.Release|Any CPU.Build.0 = Release|Any CPU
	EndGlobalSection
EndGlobal
